
Microsoft Visual Studio Solution File, Format Version 12.00
# Visual Studio Version 16
VisualStudioVersion = 16.0.31321.278
MinimumVisualStudioVersion = 10.0.40219.1
Project("{FAE04EC0-301F-11D3-BF4B-00C04F79EFBC}") = "CompositeDesginPattern", "CompositeDesginPattern\CompositeDesginPattern.csproj", "{5EFAAD41-6DE0-4CD4-B6E1-8B47A89162BD}"
EndProject
Global
	GlobalSection(SolutionConfigurationPlatforms) = preSolution
		Debug|Any CPU = Debug|Any CPU
		Release|Any CPU = Release|Any CPU
	EndGlobalSection
	GlobalSection(ProjectConfigurationPlatforms) = postSolution
		{5EFAAD41-6DE0-4CD4-B6E1-8B47A89162BD}.Debug|Any CPU.ActiveCfg = Debug|Any CPU
		{5EFAAD41-6DE0-4CD4-B6E1-8B47A89162BD}.Debug|Any CPU.Build.0 = Debug|Any CPU
		{5EFAAD41-6DE0-4CD4-B6E1-8B47A89162BD}.Release|Any CPU.ActiveCfg = Release|Any CPU
		{5EFAAD41-6DE0-4CD4-B6E1-8B47A89162BD}.Release|Any CPU.Build.0 = Release|Any CPU
	EndGlobalSection
	GlobalSection(SolutionProperties) = preSolution
		HideSolutionNode = FALSE
	EndGlobalSection
	GlobalSection(ExtensibilityGlobals) = postSolution
		SolutionGuid = {06E4A6F4-E2E2-43D4-BDC8-559585AEE838}
	EndGlobalSection
EndGlobal
