
Microsoft Visual Studio Solution File, Format Version 12.00
# Visual Studio Version 16
VisualStudioVersion = 16.0.31321.278
MinimumVisualStudioVersion = 10.0.40219.1
Project("{FAE04EC0-301F-11D3-BF4B-00C04F79EFBC}") = "AdapterDesginPattern", "AdapterDesginPattern\AdapterDesginPattern.csproj", "{9F905532-AE43-4C4A-A66C-12BA88EC2FBC}"
EndProject
Global
	GlobalSection(SolutionConfigurationPlatforms) = preSolution
		Debug|Any CPU = Debug|Any CPU
		Release|Any CPU = Release|Any CPU
	EndGlobalSection
	GlobalSection(ProjectConfigurationPlatforms) = postSolution
		{9F905532-AE43-4C4A-A66C-12BA88EC2FBC}.Debug|Any CPU.ActiveCfg = Debug|Any CPU
		{9F905532-AE43-4C4A-A66C-12BA88EC2FBC}.Debug|Any CPU.Build.0 = Debug|Any CPU
		{9F905532-AE43-4C4A-A66C-12BA88EC2FBC}.Release|Any CPU.ActiveCfg = Release|Any CPU
		{9F905532-AE43-4C4A-A66C-12BA88EC2FBC}.Release|Any CPU.Build.0 = Release|Any CPU
	EndGlobalSection
	GlobalSection(SolutionProperties) = preSolution
		HideSolutionNode = FALSE
	EndGlobalSection
	GlobalSection(ExtensibilityGlobals) = postSolution
		SolutionGuid = {87AB88A7-2250-40DF-B485-7C951D0119B2}
	EndGlobalSection
EndGlobal
