
Microsoft Visual Studio Solution File, Format Version 12.00
# Visual Studio Version 16
VisualStudioVersion = 16.0.31321.278
MinimumVisualStudioVersion = 10.0.40219.1
Project("{FAE04EC0-301F-11D3-BF4B-00C04F79EFBC}") = "AdapterDeginpatternExample2", "AdapterDeginpatternExample2\AdapterDeginpatternExample2.csproj", "{F439663E-2A10-4E80-8C91-C2081F28BCD3}"
EndProject
Global
	GlobalSection(SolutionConfigurationPlatforms) = preSolution
		Debug|Any CPU = Debug|Any CPU
		Release|Any CPU = Release|Any CPU
	EndGlobalSection
	GlobalSection(ProjectConfigurationPlatforms) = postSolution
		{F439663E-2A10-4E80-8C91-C2081F28BCD3}.Debug|Any CPU.ActiveCfg = Debug|Any CPU
		{F439663E-2A10-4E80-8C91-C2081F28BCD3}.Debug|Any CPU.Build.0 = Debug|Any CPU
		{F439663E-2A10-4E80-8C91-C2081F28BCD3}.Release|Any CPU.ActiveCfg = Release|Any CPU
		{F439663E-2A10-4E80-8C91-C2081F28BCD3}.Release|Any CPU.Build.0 = Release|Any CPU
	EndGlobalSection
	GlobalSection(SolutionProperties) = preSolution
		HideSolutionNode = FALSE
	EndGlobalSection
	GlobalSection(ExtensibilityGlobals) = postSolution
		SolutionGuid = {4B6A6C1D-B3DC-4FFE-94F7-AF9B34BBD222}
	EndGlobalSection
EndGlobal
