
Microsoft Visual Studio Solution File, Format Version 12.00
# Visual Studio Version 16
VisualStudioVersion = 16.0.31321.278
MinimumVisualStudioVersion = 10.0.40219.1
Project("{9A19103F-16F7-4668-BE54-9A1E7A4F7556}") = "CreditCardApplications", "CreditCardApplication\CreditCardApplications.csproj", "{853B8170-89E5-488A-B9F2-647A31D96B8B}"
EndProject
Project("{FAE04EC0-301F-11D3-BF4B-00C04F79EFBC}") = "CreditCardApplicationTest", "CreditCardApplicationTest\CreditCardApplicationTest.csproj", "{5D76AE3E-F473-4412-B275-E0CF4CE9A57E}"
EndProject
Global
	GlobalSection(SolutionConfigurationPlatforms) = preSolution
		Debug|Any CPU = Debug|Any CPU
		Release|Any CPU = Release|Any CPU
	EndGlobalSection
	GlobalSection(ProjectConfigurationPlatforms) = postSolution
		{853B8170-89E5-488A-B9F2-647A31D96B8B}.Debug|Any CPU.ActiveCfg = Debug|Any CPU
		{853B8170-89E5-488A-B9F2-647A31D96B8B}.Debug|Any CPU.Build.0 = Debug|Any CPU
		{853B8170-89E5-488A-B9F2-647A31D96B8B}.Release|Any CPU.ActiveCfg = Release|Any CPU
		{853B8170-89E5-488A-B9F2-647A31D96B8B}.Release|Any CPU.Build.0 = Release|Any CPU
		{5D76AE3E-F473-4412-B275-E0CF4CE9A57E}.Debug|Any CPU.ActiveCfg = Debug|Any CPU
		{5D76AE3E-F473-4412-B275-E0CF4CE9A57E}.Debug|Any CPU.Build.0 = Debug|Any CPU
		{5D76AE3E-F473-4412-B275-E0CF4CE9A57E}.Release|Any CPU.ActiveCfg = Release|Any CPU
		{5D76AE3E-F473-4412-B275-E0CF4CE9A57E}.Release|Any CPU.Build.0 = Release|Any CPU
	EndGlobalSection
	GlobalSection(SolutionProperties) = preSolution
		HideSolutionNode = FALSE
	EndGlobalSection
	GlobalSection(ExtensibilityGlobals) = postSolution
		SolutionGuid = {259CB927-53FE-4FCB-A294-EF2BEE0A9D56}
	EndGlobalSection
EndGlobal
