
Microsoft Visual Studio Solution File, Format Version 12.00
# Visual Studio Version 16
VisualStudioVersion = 16.0.31321.278
MinimumVisualStudioVersion = 10.0.40219.1
Project("{FAE04EC0-301F-11D3-BF4B-00C04F79EFBC}") = "SingletonDemo", "SingletonDemo\SingletonDemo.csproj", "{0262BA61-6177-4AE8-BB1F-0120F7BDC93D}"
EndProject
Global
	GlobalSection(SolutionConfigurationPlatforms) = preSolution
		Debug|Any CPU = Debug|Any CPU
		Release|Any CPU = Release|Any CPU
	EndGlobalSection
	GlobalSection(ProjectConfigurationPlatforms) = postSolution
		{0262BA61-6177-4AE8-BB1F-0120F7BDC93D}.Debug|Any CPU.ActiveCfg = Debug|Any CPU
		{0262BA61-6177-4AE8-BB1F-0120F7BDC93D}.Debug|Any CPU.Build.0 = Debug|Any CPU
		{0262BA61-6177-4AE8-BB1F-0120F7BDC93D}.Release|Any CPU.ActiveCfg = Release|Any CPU
		{0262BA61-6177-4AE8-BB1F-0120F7BDC93D}.Release|Any CPU.Build.0 = Release|Any CPU
	EndGlobalSection
	GlobalSection(SolutionProperties) = preSolution
		HideSolutionNode = FALSE
	EndGlobalSection
	GlobalSection(ExtensibilityGlobals) = postSolution
		SolutionGuid = {8CAFEE45-3C50-406C-B8A9-CC49BC5EBD57}
	EndGlobalSection
EndGlobal
