
Microsoft Visual Studio Solution File, Format Version 12.00
# Visual Studio Version 16
VisualStudioVersion = 16.0.31321.278
MinimumVisualStudioVersion = 10.0.40219.1
Project("{FAE04EC0-301F-11D3-BF4B-00C04F79EFBC}") = "DecoraterDemo", "DecoraterDemo\DecoraterDemo.csproj", "{A188BF82-1241-4F94-BBC2-56A3858E0DC1}"
EndProject
Global
	GlobalSection(SolutionConfigurationPlatforms) = preSolution
		Debug|Any CPU = Debug|Any CPU
		Release|Any CPU = Release|Any CPU
	EndGlobalSection
	GlobalSection(ProjectConfigurationPlatforms) = postSolution
		{A188BF82-1241-4F94-BBC2-56A3858E0DC1}.Debug|Any CPU.ActiveCfg = Debug|Any CPU
		{A188BF82-1241-4F94-BBC2-56A3858E0DC1}.Debug|Any CPU.Build.0 = Debug|Any CPU
		{A188BF82-1241-4F94-BBC2-56A3858E0DC1}.Release|Any CPU.ActiveCfg = Release|Any CPU
		{A188BF82-1241-4F94-BBC2-56A3858E0DC1}.Release|Any CPU.Build.0 = Release|Any CPU
	EndGlobalSection
	GlobalSection(SolutionProperties) = preSolution
		HideSolutionNode = FALSE
	EndGlobalSection
	GlobalSection(ExtensibilityGlobals) = postSolution
		SolutionGuid = {7680A504-9756-4DD7-AF15-87ECA45877C1}
	EndGlobalSection
EndGlobal
