
Microsoft Visual Studio Solution File, Format Version 12.00
# Visual Studio Version 16
VisualStudioVersion = 16.0.31321.278
MinimumVisualStudioVersion = 10.0.40219.1
Project("{FAE04EC0-301F-11D3-BF4B-00C04F79EFBC}") = "mocking", "mocking\mocking.csproj", "{D37166A4-B758-4985-884E-8A0FB4D4893A}"
EndProject
Project("{FAE04EC0-301F-11D3-BF4B-00C04F79EFBC}") = "MOckTest", "MOckTest\MOckTest.csproj", "{11A82049-4596-4423-935A-D36E8825D0A6}"
EndProject
Global
	GlobalSection(SolutionConfigurationPlatforms) = preSolution
		Debug|Any CPU = Debug|Any CPU
		Release|Any CPU = Release|Any CPU
	EndGlobalSection
	GlobalSection(ProjectConfigurationPlatforms) = postSolution
		{D37166A4-B758-4985-884E-8A0FB4D4893A}.Debug|Any CPU.ActiveCfg = Debug|Any CPU
		{D37166A4-B758-4985-884E-8A0FB4D4893A}.Debug|Any CPU.Build.0 = Debug|Any CPU
		{D37166A4-B758-4985-884E-8A0FB4D4893A}.Release|Any CPU.ActiveCfg = Release|Any CPU
		{D37166A4-B758-4985-884E-8A0FB4D4893A}.Release|Any CPU.Build.0 = Release|Any CPU
		{11A82049-4596-4423-935A-D36E8825D0A6}.Debug|Any CPU.ActiveCfg = Debug|Any CPU
		{11A82049-4596-4423-935A-D36E8825D0A6}.Debug|Any CPU.Build.0 = Debug|Any CPU
		{11A82049-4596-4423-935A-D36E8825D0A6}.Release|Any CPU.ActiveCfg = Release|Any CPU
		{11A82049-4596-4423-935A-D36E8825D0A6}.Release|Any CPU.Build.0 = Release|Any CPU
	EndGlobalSection
	GlobalSection(SolutionProperties) = preSolution
		HideSolutionNode = FALSE
	EndGlobalSection
	GlobalSection(ExtensibilityGlobals) = postSolution
		SolutionGuid = {B3DC30DD-3220-41F9-812D-35441EB38301}
	EndGlobalSection
EndGlobal
