
Microsoft Visual Studio Solution File, Format Version 12.00
# Visual Studio Version 16
VisualStudioVersion = 16.0.31321.278
MinimumVisualStudioVersion = 10.0.40219.1
Project("{FAE04EC0-301F-11D3-BF4B-00C04F79EFBC}") = "Web", "Web\Web.csproj", "{8A733C71-4ED9-4348-B005-09E0B93E39D4}"
EndProject
Project("{FAE04EC0-301F-11D3-BF4B-00C04F79EFBC}") = "Logger", "Logger\Logger.csproj", "{FE58A5B1-5079-40DE-BCEF-31FDAD5F7F66}"
EndProject
Global
	GlobalSection(SolutionConfigurationPlatforms) = preSolution
		Debug|Any CPU = Debug|Any CPU
		Release|Any CPU = Release|Any CPU
	EndGlobalSection
	GlobalSection(ProjectConfigurationPlatforms) = postSolution
		{8A733C71-4ED9-4348-B005-09E0B93E39D4}.Debug|Any CPU.ActiveCfg = Debug|Any CPU
		{8A733C71-4ED9-4348-B005-09E0B93E39D4}.Debug|Any CPU.Build.0 = Debug|Any CPU
		{8A733C71-4ED9-4348-B005-09E0B93E39D4}.Release|Any CPU.ActiveCfg = Release|Any CPU
		{8A733C71-4ED9-4348-B005-09E0B93E39D4}.Release|Any CPU.Build.0 = Release|Any CPU
		{FE58A5B1-5079-40DE-BCEF-31FDAD5F7F66}.Debug|Any CPU.ActiveCfg = Debug|Any CPU
		{FE58A5B1-5079-40DE-BCEF-31FDAD5F7F66}.Debug|Any CPU.Build.0 = Debug|Any CPU
		{FE58A5B1-5079-40DE-BCEF-31FDAD5F7F66}.Release|Any CPU.ActiveCfg = Release|Any CPU
		{FE58A5B1-5079-40DE-BCEF-31FDAD5F7F66}.Release|Any CPU.Build.0 = Release|Any CPU
	EndGlobalSection
	GlobalSection(SolutionProperties) = preSolution
		HideSolutionNode = FALSE
	EndGlobalSection
	GlobalSection(ExtensibilityGlobals) = postSolution
		SolutionGuid = {66F82C52-4E24-4FE7-9988-955EE1773AC0}
	EndGlobalSection
EndGlobal
